
Microsoft Visual Studio Solution File, Format Version 12.00
# Visual Studio Version 16
VisualStudioVersion = 16.0.31129.286
MinimumVisualStudioVersion = 10.0.40219.1
Project("{888888A0-9F3D-457C-B088-3A5042F75D52}") = "0416_PYTHON1", "0416_PYTHON1\0416_PYTHON1.pyproj", "{D38BF1B3-3668-4860-868E-9E2F2650792B}"
EndProject
Global
	GlobalSection(SolutionConfigurationPlatforms) = preSolution
		Debug|Any CPU = Debug|Any CPU
		Release|Any CPU = Release|Any CPU
	EndGlobalSection
	GlobalSection(ProjectConfigurationPlatforms) = postSolution
		{D38BF1B3-3668-4860-868E-9E2F2650792B}.Debug|Any CPU.ActiveCfg = Debug|Any CPU
		{D38BF1B3-3668-4860-868E-9E2F2650792B}.Release|Any CPU.ActiveCfg = Release|Any CPU
	EndGlobalSection
	GlobalSection(SolutionProperties) = preSolution
		HideSolutionNode = FALSE
	EndGlobalSection
	GlobalSection(ExtensibilityGlobals) = postSolution
		SolutionGuid = {4F9309ED-B909-4656-B925-4C792C6029A8}
	EndGlobalSection
EndGlobal
